// !$*UTF8*$!
{
	archiveVersion = 1;
	classes = {
	};
	objectVersion = 46;
	objects = {

/* Begin PBXBuildFile section */
		2071441719E865E700C0376A /* AppDelegate.swift in Sources */ = {isa = PBXBuildFile; fileRef = 2071441619E865E700C0376A /* AppDelegate.swift */; };
		2071441919E865E700C0376A /* ViewController.swift in Sources */ = {isa = PBXBuildFile; fileRef = 2071441819E865E700C0376A /* ViewController.swift */; };
		2071441C19E865E700C0376A /* Main.storyboard in Resources */ = {isa = PBXBuildFile; fileRef = 2071441A19E865E700C0376A /* Main.storyboard */; };
		2071441E19E865E700C0376A /* Images.xcassets in Resources */ = {isa = PBXBuildFile; fileRef = 2071441D19E865E700C0376A /* Images.xcassets */; };
		2071442119E865E700C0376A /* LaunchScreen.xib in Resources */ = {isa = PBXBuildFile; fileRef = 2071441F19E865E700C0376A /* LaunchScreen.xib */; };
		2071442D19E865E700C0376A /* ShoeSizeConverterTests.swift in Sources */ = {isa = PBXBuildFile; fileRef = 2071442C19E865E700C0376A /* ShoeSizeConverterTests.swift */; };
/* End PBXBuildFile section */

/* Begin PBXContainerItemProxy section */
		2071442719E865E700C0376A /* PBXContainerItemProxy */ = {
			isa = PBXContainerItemProxy;
			containerPortal = 2071440919E865E700C0376A /* Project object */;
			proxyType = 1;
			remoteGlobalIDString = 2071441019E865E700C0376A;
			remoteInfo = ShoeSizeConverter;
		};
/* End PBXContainerItemProxy section */

/* Begin PBXFileReference section */
		2071441119E865E700C0376A /* ShoeSizeConverter.app */ = {isa = PBXFileReference; explicitFileType = wrapper.application; includeInIndex = 0; path = ShoeSizeConverter.app; sourceTree = BUILT_PRODUCTS_DIR; };
		2071441519E865E700C0376A /* Info.plist */ = {isa = PBXFileReference; lastKnownFileType = text.plist.xml; path = Info.plist; sourceTree = "<group>"; };
		2071441619E865E700C0376A /* AppDelegate.swift */ = {isa = PBXFileReference; lastKnownFileType = sourcecode.swift; path = AppDelegate.swift; sourceTree = "<group>"; };
		2071441819E865E700C0376A /* ViewController.swift */ = {isa = PBXFileReference; lastKnownFileType = sourcecode.swift; path = ViewController.swift; sourceTree = "<group>"; };
		2071441B19E865E700C0376A /* Base */ = {isa = PBXFileReference; lastKnownFileType = file.storyboard; name = Base; path = Base.lproj/Main.storyboard; sourceTree = "<group>"; };
		2071441D19E865E700C0376A /* Images.xcassets */ = {isa = PBXFileReference; lastKnownFileType = folder.assetcatalog; path = Images.xcassets; sourceTree = "<group>"; };
		2071442019E865E700C0376A /* Base */ = {isa = PBXFileReference; lastKnownFileType = file.xib; name = Base; path = Base.lproj/LaunchScreen.xib; sourceTree = "<group>"; };
		2071442619E865E700C0376A /* ShoeSizeConverterTests.xctest */ = {isa = PBXFileReference; explicitFileType = wrapper.cfbundle; includeInIndex = 0; path = ShoeSizeConverterTests.xctest; sourceTree = BUILT_PRODUCTS_DIR; };
		2071442B19E865E700C0376A /* Info.plist */ = {isa = PBXFileReference; lastKnownFileType = text.plist.xml; path = Info.plist; sourceTree = "<group>"; };
		2071442C19E865E700C0376A /* ShoeSizeConverterTests.swift */ = {isa = PBXFileReference; lastKnownFileType = sourcecode.swift; path = ShoeSizeConverterTests.swift; sourceTree = "<group>"; };
/* End PBXFileReference section */

/* Begin PBXFrameworksBuildPhase section */
		2071440E19E865E700C0376A /* Frameworks */ = {
			isa = PBXFrameworksBuildPhase;
			buildActionMask = 2147483647;
			files = (
			);
			runOnlyForDeploymentPostprocessing = 0;
		};
		2071442319E865E700C0376A /* Frameworks */ = {
			isa = PBXFrameworksBuildPhase;
			buildActionMask = 2147483647;
			files = (
			);
			runOnlyForDeploymentPostprocessing = 0;
		};
/* End PBXFrameworksBuildPhase section */

/* Begin PBXGroup section */
		2071440819E865E700C0376A = {
			isa = PBXGroup;
			children = (
				2071441319E865E700C0376A /* ShoeSizeConverter */,
				2071442919E865E700C0376A /* ShoeSizeConverterTests */,
				2071441219E865E700C0376A /* Products */,
			);
			sourceTree = "<group>";
		};
		2071441219E865E700C0376A /* Products */ = {
			isa = PBXGroup;
			children = (
				2071441119E865E700C0376A /* ShoeSizeConverter.app */,
				2071442619E865E700C0376A /* ShoeSizeConverterTests.xctest */,
			);
			name = Products;
			sourceTree = "<group>";
		};
		2071441319E865E700C0376A /* ShoeSizeConverter */ = {
			isa = PBXGroup;
			children = (
				2071441619E865E700C0376A /* AppDelegate.swift */,
				2071441819E865E700C0376A /* ViewController.swift */,
				2071441A19E865E700C0376A /* Main.storyboard */,
				2071441D19E865E700C0376A /* Images.xcassets */,
				2071441F19E865E700C0376A /* LaunchScreen.xib */,
				2071441419E865E700C0376A /* Supporting Files */,
			);
			path = ShoeSizeConverter;
			sourceTree = "<group>";
		};
		2071441419E865E700C0376A /* Supporting Files */ = {
			isa = PBXGroup;
			children = (
				2071441519E865E700C0376A /* Info.plist */,
			);
			name = "Supporting Files";
			sourceTree = "<group>";
		};
		2071442919E865E700C0376A /* ShoeSizeConverterTests */ = {
			isa = PBXGroup;
			children = (
				2071442C19E865E700C0376A /* ShoeSizeConverterTests.swift */,
				2071442A19E865E700C0376A /* Supporting Files */,
			);
			path = ShoeSizeConverterTests;
			sourceTree = "<group>";
		};
		2071442A19E865E700C0376A /* Supporting Files */ = {
			isa = PBXGroup;
			children = (
				2071442B19E865E700C0376A /* Info.plist */,
			);
			name = "Supporting Files";
			sourceTree = "<group>";
		};
/* End PBXGroup section */

/* Begin PBXNativeTarget section */
		2071441019E865E700C0376A /* ShoeSizeConverter */ = {
			isa = PBXNativeTarget;
			buildConfigurationList = 2071443019E865E700C0376A /* Build configuration list for PBXNativeTarget "ShoeSizeConverter" */;
			buildPhases = (
				2071440D19E865E700C0376A /* Sources */,
				2071440E19E865E700C0376A /* Frameworks */,
				2071440F19E865E700C0376A /* Resources */,
			);
			buildRules = (
			);
			dependencies = (
			);
			name = ShoeSizeConverter;
			productName = ShoeSizeConverter;
			productReference = 2071441119E865E700C0376A /* ShoeSizeConverter.app */;
			productType = "com.apple.product-type.application";
		};
		2071442519E865E700C0376A /* ShoeSizeConverterTests */ = {
			isa = PBXNativeTarget;
			buildConfigurationList = 2071443319E865E700C0376A /* Build configuration list for PBXNativeTarget "ShoeSizeConverterTests" */;
			buildPhases = (
				2071442219E865E700C0376A /* Sources */,
				2071442319E865E700C0376A /* Frameworks */,
				2071442419E865E700C0376A /* Resources */,
			);
			buildRules = (
			);
			dependencies = (
				2071442819E865E700C0376A /* PBXTargetDependency */,
			);
			name = ShoeSizeConverterTests;
			productName = ShoeSizeConverterTests;
			productReference = 2071442619E865E700C0376A /* ShoeSizeConverterTests.xctest */;
			productType = "com.apple.product-type.bundle.unit-test";
		};
/* End PBXNativeTarget section */

/* Begin PBXProject section */
		2071440919E865E700C0376A /* Project object */ = {
			isa = PBXProject;
			attributes = {
				LastUpgradeCheck = 0600;
				ORGANIZATIONNAME = "David C Sciuto";
				TargetAttributes = {
					2071441019E865E700C0376A = {
						CreatedOnToolsVersion = 6.0.1;
					};
					2071442519E865E700C0376A = {
						CreatedOnToolsVersion = 6.0.1;
						TestTargetID = 2071441019E865E700C0376A;
					};
				};
			};
			buildConfigurationList = 2071440C19E865E700C0376A /* Build configuration list for PBXProject "ShoeSizeConverter" */;
			compatibilityVersion = "Xcode 3.2";
			developmentRegion = English;
			hasScannedForEncodings = 0;
			knownRegions = (
				en,
				Base,
			);
			mainGroup = 2071440819E865E700C0376A;
			productRefGroup = 2071441219E865E700C0376A /* Products */;
			projectDirPath = "";
			projectRoot = "";
			targets = (
				2071441019E865E700C0376A /* ShoeSizeConverter */,
				2071442519E865E700C0376A /* ShoeSizeConverterTests */,
			);
		};
/* End PBXProject section */

/* Begin PBXResourcesBuildPhase section */
		2071440F19E865E700C0376A /* Resources */ = {
			isa = PBXResourcesBuildPhase;
			buildActionMask = 2147483647;
			files = (
				2071441C19E865E700C0376A /* Main.storyboard in Resources */,
				2071442119E865E700C0376A /* LaunchScreen.xib in Resources */,
				2071441E19E865E700C0376A /* Images.xcassets in Resources */,
			);
			runOnlyForDeploymentPostprocessing = 0;
		};
		2071442419E865E700C0376A /* Resources */ = {
			isa = PBXResourcesBuildPhase;
			buildActionMask = 2147483647;
			files = (
			);
			runOnlyForDeploymentPostprocessing = 0;
		};
/* End PBXResourcesBuildPhase section */

/* Begin PBXSourcesBuildPhase section */
		2071440D19E865E700C0376A /* Sources */ = {
			isa = PBXSourcesBuildPhase;
			buildActionMask = 2147483647;
			files = (
				2071441919E865E700C0376A /* ViewController.swift in Sources */,
				2071441719E865E700C0376A /* AppDelegate.swift in Sources */,
			);
			runOnlyForDeploymentPostprocessing = 0;
		};
		2071442219E865E700C0376A /* Sources */ = {
			isa = PBXSourcesBuildPhase;
			buildActionMask = 2147483647;
			files = (
				2071442D19E865E700C0376A /* ShoeSizeConverterTests.swift in Sources */,
			);
			runOnlyForDeploymentPostprocessing = 0;
		};
/* End PBXSourcesBuildPhase section */

/* Begin PBXTargetDependency section */
		2071442819E865E700C0376A /* PBXTargetDependency */ = {
			isa = PBXTargetDependency;
			target = 2071441019E865E700C0376A /* ShoeSizeConverter */;
			targetProxy = 2071442719E865E700C0376A /* PBXContainerItemProxy */;
		};
/* End PBXTargetDependency section */

/* Begin PBXVariantGroup section */
		2071441A19E865E700C0376A /* Main.storyboard */ = {
			isa = PBXVariantGroup;
			children = (
				2071441B19E865E700C0376A /* Base */,
			);
			name = Main.storyboard;
			sourceTree = "<group>";
		};
		2071441F19E865E700C0376A /* LaunchScreen.xib */ = {
			isa = PBXVariantGroup;
			children = (
				2071442019E865E700C0376A /* Base */,
			);
			name = LaunchScreen.xib;
			sourceTree = "<group>";
		};
/* End PBXVariantGroup section */

/* Begin XCBuildConfiguration section */
		2071442E19E865E700C0376A /* Debug */ = {
			isa = XCBuildConfiguration;
			buildSettings = {
				ALWAYS_SEARCH_USER_PATHS = NO;
				CLANG_CXX_LANGUAGE_STANDARD = "gnu++0x";
				CLANG_CXX_LIBRARY = "libc++";
				CLANG_ENABLE_MODULES = YES;
				CLANG_ENABLE_OBJC_ARC = YES;
				CLANG_WARN_BOOL_CONVERSION = YES;
				CLANG_WARN_CONSTANT_CONVERSION = YES;
				CLANG_WARN_DIRECT_OBJC_ISA_USAGE = YES_ERROR;
				CLANG_WARN_EMPTY_BODY = YES;
				CLANG_WARN_ENUM_CONVERSION = YES;
				CLANG_WARN_INT_CONVERSION = YES;
				CLANG_WARN_OBJC_ROOT_CLASS = YES_ERROR;
				CLANG_WARN_UNREACHABLE_CODE = YES;
				CLANG_WARN__DUPLICATE_METHOD_MATCH = YES;
				"CODE_SIGN_IDENTITY[sdk=iphoneos*]" = "iPhone Developer";
				COPY_PHASE_STRIP = NO;
				ENABLE_STRICT_OBJC_MSGSEND = YES;
				GCC_C_LANGUAGE_STANDARD = gnu99;
				GCC_DYNAMIC_NO_PIC = NO;
				GCC_OPTIMIZATION_LEVEL = 0;
				GCC_PREPROCESSOR_DEFINITIONS = (
					"DEBUG=1",
					"$(inherited)",
				);
				GCC_SYMBOLS_PRIVATE_EXTERN = NO;
				GCC_WARN_64_TO_32_BIT_CONVERSION = YES;
				GCC_WARN_ABOUT_RETURN_TYPE = YES_ERROR;
				GCC_WARN_UNDECLARED_SELECTOR = YES;
				GCC_WARN_UNINITIALIZED_AUTOS = YES_AGGRESSIVE;
				GCC_WARN_UNUSED_FUNCTION = YES;
				GCC_WARN_UNUSED_VARIABLE = YES;
				IPHONEOS_DEPLOYMENT_TARGET = 8.0;
				MTL_ENABLE_DEBUG_INFO = YES;
				ONLY_ACTIVE_ARCH = YES;
				SDKROOT = iphoneos;
				SWIFT_OPTIMIZATION_LEVEL = "-Onone";
			};
			name = Debug;
		};
		2071442F19E865E700C0376A /* Release */ = {
			isa = XCBuildConfiguration;
			buildSettings = {
				ALWAYS_SEARCH_USER_PATHS = NO;
				CLANG_CXX_LANGUAGE_STANDARD = "gnu++0x";
				CLANG_CXX_LIBRARY = "libc++";
				CLANG_ENABLE_MODULES = YES;
				CLANG_ENABLE_OBJC_ARC = YES;
				CLANG_WARN_BOOL_CONVERSION = YES;
				CLANG_WARN_CONSTANT_CONVERSION = YES;
				CLANG_WARN_DIRECT_OBJC_ISA_USAGE = YES_ERROR;
				CLANG_WARN_EMPTY_BODY = YES;
				CLANG_WARN_ENUM_CONVERSION = YES;
				CLANG_WARN_INT_CONVERSION = YES;
				CLANG_WARN_OBJC_ROOT_CLASS = YES_ERROR;
				CLANG_WARN_UNREACHABLE_CODE = YES;
				CLANG_WARN__DUPLICATE_METHOD_MATCH = YES;
				"CODE_SIGN_IDENTITY[sdk=iphoneos*]" = "iPhone Developer";
				COPY_PHASE_STRIP = YES;
				ENABLE_NS_ASSERTIONS = NO;
				ENABLE_STRICT_OBJC_MSGSEND = YES;
				GCC_C_LANGUAGE_STANDARD = gnu99;
				GCC_WARN_64_TO_32_BIT_CONVERSION = YES;
				GCC_WARN_ABOUT_RETURN_TYPE = YES_ERROR;
				GCC_WARN_UNDECLARED_SELECTOR = YES;
				GCC_WARN_UNINITIALIZED_AUTOS = YES_AGGRESSIVE;
				GCC_WARN_UNUSED_FUNCTION = YES;
				GCC_WARN_UNUSED_VARIABLE = YES;
				IPHONEOS_DEPLOYMENT_TARGET = 8.0;
				MTL_ENABLE_DEBUG_INFO = NO;
				SDKROOT = iphoneos;
				VALIDATE_PRODUCT = YES;
			};
			name = Release;
		};
		2071443119E865E700C0376A /* Debug */ = {
			isa = XCBuildConfiguration;
			buildSettings = {
				ASSETCATALOG_COMPILER_APPICON_NAME = AppIcon;
				INFOPLIST_FILE = ShoeSizeConverter/Info.plist;
				LD_RUNPATH_SEARCH_PATHS = "$(inherited) @executable_path/Frameworks";
				PRODUCT_NAME = "$(TARGET_NAME)";
			};
			name = Debug;
		};
		2071443219E865E700C0376A /* Release */ = {
			isa = XCBuildConfiguration;
			buildSettings = {
				ASSETCATALOG_COMPILER_APPICON_NAME = AppIcon;
				INFOPLIST_FILE = ShoeSizeConverter/Info.plist;
				LD_RUNPATH_SEARCH_PATHS = "$(inherited) @executable_path/Frameworks";
				PRODUCT_NAME = "$(TARGET_NAME)";
			};
			name = Release;
		};
		2071443419E865E700C0376A /* Debug */ = {
			isa = XCBuildConfiguration;
			buildSettings = {
				BUNDLE_LOADER = "$(TEST_HOST)";
				FRAMEWORK_SEARCH_PATHS = (
					"$(SDKROOT)/Developer/Library/Frameworks",
					"$(inherited)",
				);
				GCC_PREPROCESSOR_DEFINITIONS = (
					"DEBUG=1",
					"$(inherited)",
				);
				INFOPLIST_FILE = ShoeSizeConverterTests/Info.plist;
				LD_RUNPATH_SEARCH_PATHS = "$(inherited) @executable_path/Frameworks @loader_path/Frameworks";
				PRODUCT_NAME = "$(TARGET_NAME)";
				TEST_HOST = "$(BUILT_PRODUCTS_DIR)/ShoeSizeConverter.app/ShoeSizeConverter";
			};
			name = Debug;
		};
		2071443519E865E700C0376A /* Release */ = {
			isa = XCBuildConfiguration;
			buildSettings = {
				BUNDLE_LOADER = "$(TEST_HOST)";
				FRAMEWORK_SEARCH_PATHS = (
					"$(SDKROOT)/Developer/Library/Frameworks",
					"$(inherited)",
				);
				INFOPLIST_FILE = ShoeSizeConverterTests/Info.plist;
				LD_RUNPATH_SEARCH_PATHS = "$(inherited) @executable_path/Frameworks @loader_path/Frameworks";
				PRODUCT_NAME = "$(TARGET_NAME)";
				TEST_HOST = "$(BUILT_PRODUCTS_DIR)/ShoeSizeConverter.app/ShoeSizeConverter";
			};
			name = Release;
		};
/* End XCBuildConfiguration section */

/* Begin XCConfigurationList section */
		2071440C19E865E700C0376A /* Build configuration list for PBXProject "ShoeSizeConverter" */ = {
			isa = XCConfigurationList;
			buildConfigurations = (
				2071442E19E865E700C0376A /* Debug */,
				2071442F19E865E700C0376A /* Release */,
			);
			defaultConfigurationIsVisible = 0;
			defaultConfigurationName = Release;
		};
		2071443019E865E700C0376A /* Build configuration list for PBXNativeTarget "ShoeSizeConverter" */ = {
			isa = XCConfigurationList;
			buildConfigurations = (
				2071443119E865E700C0376A /* Debug */,
				2071443219E865E700C0376A /* Release */,
			);
			defaultConfigurationIsVisible = 0;
		};
		2071443319E865E700C0376A /* Build configuration list for PBXNativeTarget "ShoeSizeConverterTests" */ = {
			isa = XCConfigurationList;
			buildConfigurations = (
				2071443419E865E700C0376A /* Debug */,
				2071443519E865E700C0376A /* Release */,
			);
			defaultConfigurationIsVisible = 0;
		};
/* End XCConfigurationList section */
	};
	rootObject = 2071440919E865E700C0376A /* Project object */;
}
